
Microsoft Visual Studio Solution File, Format Version 12.00
# Visual Studio Version 17
VisualStudioVersion = 17.0.32126.317
MinimumVisualStudioVersion = 10.0.40219.1
Project("{FAE04EC0-301F-11D3-BF4B-00C04F79EFBC}") = "Sistema_Facturacion_Consola", "Sistema_Facturacion_Consola\Sistema_Facturacion_Consola.csproj", "{0A970E67-8DF9-4D73-B1A3-03626F89789C}"
EndProject
Project("{FAE04EC0-301F-11D3-BF4B-00C04F79EFBC}") = "Capa_Entidad", "Capa Entidad\Capa_Entidad.csproj", "{EAE5A86D-0563-46F4-B050-72F583667A0C}"
EndProject
Global
	GlobalSection(SolutionConfigurationPlatforms) = preSolution
		Debug|Any CPU = Debug|Any CPU
		Release|Any CPU = Release|Any CPU
	EndGlobalSection
	GlobalSection(ProjectConfigurationPlatforms) = postSolution
		{0A970E67-8DF9-4D73-B1A3-03626F89789C}.Debug|Any CPU.ActiveCfg = Debug|Any CPU
		{0A970E67-8DF9-4D73-B1A3-03626F89789C}.Debug|Any CPU.Build.0 = Debug|Any CPU
		{0A970E67-8DF9-4D73-B1A3-03626F89789C}.Release|Any CPU.ActiveCfg = Release|Any CPU
		{0A970E67-8DF9-4D73-B1A3-03626F89789C}.Release|Any CPU.Build.0 = Release|Any CPU
		{EAE5A86D-0563-46F4-B050-72F583667A0C}.Debug|Any CPU.ActiveCfg = Debug|Any CPU
		{EAE5A86D-0563-46F4-B050-72F583667A0C}.Debug|Any CPU.Build.0 = Debug|Any CPU
		{EAE5A86D-0563-46F4-B050-72F583667A0C}.Release|Any CPU.ActiveCfg = Release|Any CPU
		{EAE5A86D-0563-46F4-B050-72F583667A0C}.Release|Any CPU.Build.0 = Release|Any CPU
	EndGlobalSection
	GlobalSection(SolutionProperties) = preSolution
		HideSolutionNode = FALSE
	EndGlobalSection
	GlobalSection(ExtensibilityGlobals) = postSolution
		SolutionGuid = {72A97D9C-EB01-4FD2-9825-A7ED2E98A545}
	EndGlobalSection
EndGlobal
